
Microsoft Visual Studio Solution File, Format Version 12.00
# Visual Studio 2012
Project("{FAE04EC0-301F-11D3-BF4B-00C04F79EFBC}") = "WpfBinding", "WpfBinding\WpfBinding.csproj", "{157E76C1-682F-4835-91B1-0844F6EAD332}"
EndProject
Project("{FAE04EC0-301F-11D3-BF4B-00C04F79EFBC}") = "Geometry.Tests", "Geometry.Tests\Geometry.Tests.csproj", "{4C06AFC0-5C6D-4214-A162-239DE8C71D0A}"
EndProject
Global
	GlobalSection(SolutionConfigurationPlatforms) = preSolution
		Debug|Any CPU = Debug|Any CPU
		Release|Any CPU = Release|Any CPU
	EndGlobalSection
	GlobalSection(ProjectConfigurationPlatforms) = postSolution
		{157E76C1-682F-4835-91B1-0844F6EAD332}.Debug|Any CPU.ActiveCfg = Debug|Any CPU
		{157E76C1-682F-4835-91B1-0844F6EAD332}.Debug|Any CPU.Build.0 = Debug|Any CPU
		{157E76C1-682F-4835-91B1-0844F6EAD332}.Release|Any CPU.ActiveCfg = Release|Any CPU
		{157E76C1-682F-4835-91B1-0844F6EAD332}.Release|Any CPU.Build.0 = Release|Any CPU
		{4C06AFC0-5C6D-4214-A162-239DE8C71D0A}.Debug|Any CPU.ActiveCfg = Debug|Any CPU
		{4C06AFC0-5C6D-4214-A162-239DE8C71D0A}.Debug|Any CPU.Build.0 = Debug|Any CPU
		{4C06AFC0-5C6D-4214-A162-239DE8C71D0A}.Release|Any CPU.ActiveCfg = Release|Any CPU
		{4C06AFC0-5C6D-4214-A162-239DE8C71D0A}.Release|Any CPU.Build.0 = Release|Any CPU
	EndGlobalSection
	GlobalSection(SolutionProperties) = preSolution
		HideSolutionNode = FALSE
	EndGlobalSection
EndGlobal
